
Microsoft Visual Studio Solution File, Format Version 12.00
# Visual Studio Version 17
VisualStudioVersion = 17.11.35327.3
MinimumVisualStudioVersion = 10.0.40219.1
Project("{2150E333-8FDC-42A3-9474-1A3956D46DE8}") = "Bootstrapper", "Bootstrapper", "{B014FB5F-E3A9-4155-B006-CBDA78BE0061}"
EndProject
Project("{2150E333-8FDC-42A3-9474-1A3956D46DE8}") = "Modules", "Modules", "{623A1E4A-AE6D-4065-B872-0F5B2891E794}"
EndProject
Project("{2150E333-8FDC-42A3-9474-1A3956D46DE8}") = "Shared", "Shared", "{8D85EBE1-38A9-4498-8D07-2470D9A7470D}"
EndProject
Project("{9A19103F-16F7-4668-BE54-9A1E7A4F7556}") = "Api", "Bootstrapper\Api\Api.csproj", "{C1909B62-F99F-4BC9-B5EF-22225B8DF36D}"
EndProject
Project("{2150E333-8FDC-42A3-9474-1A3956D46DE8}") = "Catalog", "Catalog", "{3451CCF9-06BD-4720-BB04-D22814FFF968}"
EndProject
Project("{2150E333-8FDC-42A3-9474-1A3956D46DE8}") = "Basket", "Basket", "{1E640EDC-0DB9-4DFE-97EE-68243A764F57}"
EndProject
Project("{2150E333-8FDC-42A3-9474-1A3956D46DE8}") = "Ordering", "Ordering", "{485CD2B6-8843-4F44-9D09-5A0A3F7E21C2}"
EndProject
Project("{9A19103F-16F7-4668-BE54-9A1E7A4F7556}") = "Catalog", "Modules\Catalog\Catalog.csproj", "{EC203C11-E3FC-4401-9F5E-000C18683C33}"
EndProject
Project("{9A19103F-16F7-4668-BE54-9A1E7A4F7556}") = "Basket", "Modules\Basket\Basket.csproj", "{2A103A90-1AA5-4D95-9B06-BBD3E4802315}"
EndProject
Project("{9A19103F-16F7-4668-BE54-9A1E7A4F7556}") = "Ordering", "Modules\Ordering\Ordering.csproj", "{96ABFE82-6AE5-4A3B-9A8E-E372BD75948D}"
EndProject
Project("{9A19103F-16F7-4668-BE54-9A1E7A4F7556}") = "Shared", "Shared\Shared.csproj", "{E54EEDFA-3A3A-40F1-9113-4FE3B6173FCB}"
EndProject
Project("{E53339B2-1760-4266-BCC7-CA923CBCF16C}") = "docker-compose", "docker-compose.dcproj", "{4D319A5A-75A5-490C-A506-045B113FFE00}"
EndProject
Global
	GlobalSection(SolutionConfigurationPlatforms) = preSolution
		Debug|Any CPU = Debug|Any CPU
		Release|Any CPU = Release|Any CPU
	EndGlobalSection
	GlobalSection(ProjectConfigurationPlatforms) = postSolution
		{C1909B62-F99F-4BC9-B5EF-22225B8DF36D}.Debug|Any CPU.ActiveCfg = Debug|Any CPU
		{C1909B62-F99F-4BC9-B5EF-22225B8DF36D}.Debug|Any CPU.Build.0 = Debug|Any CPU
		{C1909B62-F99F-4BC9-B5EF-22225B8DF36D}.Release|Any CPU.ActiveCfg = Release|Any CPU
		{C1909B62-F99F-4BC9-B5EF-22225B8DF36D}.Release|Any CPU.Build.0 = Release|Any CPU
		{EC203C11-E3FC-4401-9F5E-000C18683C33}.Debug|Any CPU.ActiveCfg = Debug|Any CPU
		{EC203C11-E3FC-4401-9F5E-000C18683C33}.Debug|Any CPU.Build.0 = Debug|Any CPU
		{EC203C11-E3FC-4401-9F5E-000C18683C33}.Release|Any CPU.ActiveCfg = Release|Any CPU
		{EC203C11-E3FC-4401-9F5E-000C18683C33}.Release|Any CPU.Build.0 = Release|Any CPU
		{2A103A90-1AA5-4D95-9B06-BBD3E4802315}.Debug|Any CPU.ActiveCfg = Debug|Any CPU
		{2A103A90-1AA5-4D95-9B06-BBD3E4802315}.Debug|Any CPU.Build.0 = Debug|Any CPU
		{2A103A90-1AA5-4D95-9B06-BBD3E4802315}.Release|Any CPU.ActiveCfg = Release|Any CPU
		{2A103A90-1AA5-4D95-9B06-BBD3E4802315}.Release|Any CPU.Build.0 = Release|Any CPU
		{96ABFE82-6AE5-4A3B-9A8E-E372BD75948D}.Debug|Any CPU.ActiveCfg = Debug|Any CPU
		{96ABFE82-6AE5-4A3B-9A8E-E372BD75948D}.Debug|Any CPU.Build.0 = Debug|Any CPU
		{96ABFE82-6AE5-4A3B-9A8E-E372BD75948D}.Release|Any CPU.ActiveCfg = Release|Any CPU
		{96ABFE82-6AE5-4A3B-9A8E-E372BD75948D}.Release|Any CPU.Build.0 = Release|Any CPU
		{E54EEDFA-3A3A-40F1-9113-4FE3B6173FCB}.Debug|Any CPU.ActiveCfg = Debug|Any CPU
		{E54EEDFA-3A3A-40F1-9113-4FE3B6173FCB}.Debug|Any CPU.Build.0 = Debug|Any CPU
		{E54EEDFA-3A3A-40F1-9113-4FE3B6173FCB}.Release|Any CPU.ActiveCfg = Release|Any CPU
		{E54EEDFA-3A3A-40F1-9113-4FE3B6173FCB}.Release|Any CPU.Build.0 = Release|Any CPU
		{4D319A5A-75A5-490C-A506-045B113FFE00}.Debug|Any CPU.ActiveCfg = Debug|Any CPU
		{4D319A5A-75A5-490C-A506-045B113FFE00}.Debug|Any CPU.Build.0 = Debug|Any CPU
		{4D319A5A-75A5-490C-A506-045B113FFE00}.Release|Any CPU.ActiveCfg = Release|Any CPU
		{4D319A5A-75A5-490C-A506-045B113FFE00}.Release|Any CPU.Build.0 = Release|Any CPU
	EndGlobalSection
	GlobalSection(SolutionProperties) = preSolution
		HideSolutionNode = FALSE
	EndGlobalSection
	GlobalSection(NestedProjects) = preSolution
		{C1909B62-F99F-4BC9-B5EF-22225B8DF36D} = {B014FB5F-E3A9-4155-B006-CBDA78BE0061}
		{3451CCF9-06BD-4720-BB04-D22814FFF968} = {623A1E4A-AE6D-4065-B872-0F5B2891E794}
		{1E640EDC-0DB9-4DFE-97EE-68243A764F57} = {623A1E4A-AE6D-4065-B872-0F5B2891E794}
		{485CD2B6-8843-4F44-9D09-5A0A3F7E21C2} = {623A1E4A-AE6D-4065-B872-0F5B2891E794}
		{EC203C11-E3FC-4401-9F5E-000C18683C33} = {3451CCF9-06BD-4720-BB04-D22814FFF968}
		{2A103A90-1AA5-4D95-9B06-BBD3E4802315} = {1E640EDC-0DB9-4DFE-97EE-68243A764F57}
		{96ABFE82-6AE5-4A3B-9A8E-E372BD75948D} = {485CD2B6-8843-4F44-9D09-5A0A3F7E21C2}
		{E54EEDFA-3A3A-40F1-9113-4FE3B6173FCB} = {8D85EBE1-38A9-4498-8D07-2470D9A7470D}
	EndGlobalSection
	GlobalSection(ExtensibilityGlobals) = postSolution
		SolutionGuid = {DC8DC7FC-1C1E-4822-BA2B-D30FE0F340A7}
	EndGlobalSection
EndGlobal
